// !$*UTF8*$!
{
	archiveVersion = 1;
	classes = {
	};
	objectVersion = 50;
	objects = {

/* Begin PBXBuildFile section */
		3BD484E9246A53E1002EF80F /* AppDelegate.m in Sources */ = {isa = PBXBuildFile; fileRef = 3BD484E8246A53E1002EF80F /* AppDelegate.m */; };
		3BD484EC246A53E1002EF80F /* ViewController.m in Sources */ = {isa = PBXBuildFile; fileRef = 3BD484EB246A53E1002EF80F /* ViewController.m */; };
		3BD484EF246A53E1002EF80F /* Main.storyboard in Resources */ = {isa = PBXBuildFile; fileRef = 3BD484ED246A53E1002EF80F /* Main.storyboard */; };
		3BD484F1246A53EA002EF80F /* Assets.xcassets in Resources */ = {isa = PBXBuildFile; fileRef = 3BD484F0246A53EA002EF80F /* Assets.xcassets */; };
		3BD484F4246A53EA002EF80F /* LaunchScreen.storyboard in Resources */ = {isa = PBXBuildFile; fileRef = 3BD484F2246A53EA002EF80F /* LaunchScreen.storyboard */; };
		3BD484F7246A53EA002EF80F /* main.m in Sources */ = {isa = PBXBuildFile; fileRef = 3BD484F6246A53EA002EF80F /* main.m */; };
		3BD484FF246A553E002EF80F /* CarGroup.m in Sources */ = {isa = PBXBuildFile; fileRef = 3BD484FE246A553E002EF80F /* CarGroup.m */; };
		3BD48502246A55D5002EF80F /* Car.m in Sources */ = {isa = PBXBuildFile; fileRef = 3BD48501246A55D5002EF80F /* Car.m */; };
/* End PBXBuildFile section */

/* Begin PBXFileReference section */
		3BD484E4246A53E1002EF80F /* IOS_Day13_tableView_CarProject.app */ = {isa = PBXFileReference; explicitFileType = wrapper.application; includeInIndex = 0; path = IOS_Day13_tableView_CarProject.app; sourceTree = BUILT_PRODUCTS_DIR; };
		3BD484E7246A53E1002EF80F /* AppDelegate.h */ = {isa = PBXFileReference; lastKnownFileType = sourcecode.c.h; path = AppDelegate.h; sourceTree = "<group>"; };
		3BD484E8246A53E1002EF80F /* AppDelegate.m */ = {isa = PBXFileReference; lastKnownFileType = sourcecode.c.objc; path = AppDelegate.m; sourceTree = "<group>"; };
		3BD484EA246A53E1002EF80F /* ViewController.h */ = {isa = PBXFileReference; lastKnownFileType = sourcecode.c.h; path = ViewController.h; sourceTree = "<group>"; };
		3BD484EB246A53E1002EF80F /* ViewController.m */ = {isa = PBXFileReference; lastKnownFileType = sourcecode.c.objc; path = ViewController.m; sourceTree = "<group>"; };
		3BD484EE246A53E1002EF80F /* Base */ = {isa = PBXFileReference; lastKnownFileType = file.storyboard; name = Base; path = Base.lproj/Main.storyboard; sourceTree = "<group>"; };
		3BD484F0246A53EA002EF80F /* Assets.xcassets */ = {isa = PBXFileReference; lastKnownFileType = folder.assetcatalog; path = Assets.xcassets; sourceTree = "<group>"; };
		3BD484F3246A53EA002EF80F /* Base */ = {isa = PBXFileReference; lastKnownFileType = file.storyboard; name = Base; path = Base.lproj/LaunchScreen.storyboard; sourceTree = "<group>"; };
		3BD484F5246A53EA002EF80F /* Info.plist */ = {isa = PBXFileReference; lastKnownFileType = text.plist.xml; path = Info.plist; sourceTree = "<group>"; };
		3BD484F6246A53EA002EF80F /* main.m */ = {isa = PBXFileReference; lastKnownFileType = sourcecode.c.objc; path = main.m; sourceTree = "<group>"; };
		3BD484FD246A553E002EF80F /* CarGroup.h */ = {isa = PBXFileReference; lastKnownFileType = sourcecode.c.h; path = CarGroup.h; sourceTree = "<group>"; };
		3BD484FE246A553E002EF80F /* CarGroup.m */ = {isa = PBXFileReference; lastKnownFileType = sourcecode.c.objc; path = CarGroup.m; sourceTree = "<group>"; };
		3BD48500246A55D5002EF80F /* Car.h */ = {isa = PBXFileReference; lastKnownFileType = sourcecode.c.h; path = Car.h; sourceTree = "<group>"; };
		3BD48501246A55D5002EF80F /* Car.m */ = {isa = PBXFileReference; lastKnownFileType = sourcecode.c.objc; path = Car.m; sourceTree = "<group>"; };
/* End PBXFileReference section */

/* Begin PBXFrameworksBuildPhase section */
		3BD484E1246A53E1002EF80F /* Frameworks */ = {
			isa = PBXFrameworksBuildPhase;
			buildActionMask = 2147483647;
			files = (
			);
			runOnlyForDeploymentPostprocessing = 0;
		};
/* End PBXFrameworksBuildPhase section */

/* Begin PBXGroup section */
		3BD484DB246A53E1002EF80F = {
			isa = PBXGroup;
			children = (
				3BD484E6246A53E1002EF80F /* IOS_Day13_tableView_CarProject */,
				3BD484E5246A53E1002EF80F /* Products */,
			);
			sourceTree = "<group>";
		};
		3BD484E5246A53E1002EF80F /* Products */ = {
			isa = PBXGroup;
			children = (
				3BD484E4246A53E1002EF80F /* IOS_Day13_tableView_CarProject.app */,
			);
			name = Products;
			sourceTree = "<group>";
		};
		3BD484E6246A53E1002EF80F /* IOS_Day13_tableView_CarProject */ = {
			isa = PBXGroup;
			children = (
				3BD484E7246A53E1002EF80F /* AppDelegate.h */,
				3BD484E8246A53E1002EF80F /* AppDelegate.m */,
				3BD484EA246A53E1002EF80F /* ViewController.h */,
				3BD484EB246A53E1002EF80F /* ViewController.m */,
				3BD484ED246A53E1002EF80F /* Main.storyboard */,
				3BD484F0246A53EA002EF80F /* Assets.xcassets */,
				3BD484F2246A53EA002EF80F /* LaunchScreen.storyboard */,
				3BD484F5246A53EA002EF80F /* Info.plist */,
				3BD484F6246A53EA002EF80F /* main.m */,
				3BD484FD246A553E002EF80F /* CarGroup.h */,
				3BD484FE246A553E002EF80F /* CarGroup.m */,
				3BD48500246A55D5002EF80F /* Car.h */,
				3BD48501246A55D5002EF80F /* Car.m */,
			);
			path = IOS_Day13_tableView_CarProject;
			sourceTree = "<group>";
		};
/* End PBXGroup section */

/* Begin PBXNativeTarget section */
		3BD484E3246A53E1002EF80F /* IOS_Day13_tableView_CarProject */ = {
			isa = PBXNativeTarget;
			buildConfigurationList = 3BD484FA246A53EA002EF80F /* Build configuration list for PBXNativeTarget "IOS_Day13_tableView_CarProject" */;
			buildPhases = (
				3BD484E0246A53E1002EF80F /* Sources */,
				3BD484E1246A53E1002EF80F /* Frameworks */,
				3BD484E2246A53E1002EF80F /* Resources */,
			);
			buildRules = (
			);
			dependencies = (
			);
			name = IOS_Day13_tableView_CarProject;
			productName = IOS_Day13_tableView_CarProject;
			productReference = 3BD484E4246A53E1002EF80F /* IOS_Day13_tableView_CarProject.app */;
			productType = "com.apple.product-type.application";
		};
/* End PBXNativeTarget section */

/* Begin PBXProject section */
		3BD484DC246A53E1002EF80F /* Project object */ = {
			isa = PBXProject;
			attributes = {
				LastUpgradeCheck = 1030;
				ORGANIZATIONNAME = yz;
				TargetAttributes = {
					3BD484E3246A53E1002EF80F = {
						CreatedOnToolsVersion = 10.3;
					};
				};
			};
			buildConfigurationList = 3BD484DF246A53E1002EF80F /* Build configuration list for PBXProject "IOS_Day13_tableView_CarProject" */;
			compatibilityVersion = "Xcode 9.3";
			developmentRegion = en;
			hasScannedForEncodings = 0;
			knownRegions = (
				en,
				Base,
			);
			mainGroup = 3BD484DB246A53E1002EF80F;
			productRefGroup = 3BD484E5246A53E1002EF80F /* Products */;
			projectDirPath = "";
			projectRoot = "";
			targets = (
				3BD484E3246A53E1002EF80F /* IOS_Day13_tableView_CarProject */,
			);
		};
/* End PBXProject section */

/* Begin PBXResourcesBuildPhase section */
		3BD484E2246A53E1002EF80F /* Resources */ = {
			isa = PBXResourcesBuildPhase;
			buildActionMask = 2147483647;
			files = (
				3BD484F4246A53EA002EF80F /* LaunchScreen.storyboard in Resources */,
				3BD484F1246A53EA002EF80F /* Assets.xcassets in Resources */,
				3BD484EF246A53E1002EF80F /* Main.storyboard in Resources */,
			);
			runOnlyForDeploymentPostprocessing = 0;
		};
/* End PBXResourcesBuildPhase section */

/* Begin PBXSourcesBuildPhase section */
		3BD484E0246A53E1002EF80F /* Sources */ = {
			isa = PBXSourcesBuildPhase;
			buildActionMask = 2147483647;
			files = (
				3BD48502246A55D5002EF80F /* Car.m in Sources */,
				3BD484FF246A553E002EF80F /* CarGroup.m in Sources */,
				3BD484EC246A53E1002EF80F /* ViewController.m in Sources */,
				3BD484F7246A53EA002EF80F /* main.m in Sources */,
				3BD484E9246A53E1002EF80F /* AppDelegate.m in Sources */,
			);
			runOnlyForDeploymentPostprocessing = 0;
		};
/* End PBXSourcesBuildPhase section */

/* Begin PBXVariantGroup section */
		3BD484ED246A53E1002EF80F /* Main.storyboard */ = {
			isa = PBXVariantGroup;
			children = (
				3BD484EE246A53E1002EF80F /* Base */,
			);
			name = Main.storyboard;
			sourceTree = "<group>";
		};
		3BD484F2246A53EA002EF80F /* LaunchScreen.storyboard */ = {
			isa = PBXVariantGroup;
			children = (
				3BD484F3246A53EA002EF80F /* Base */,
			);
			name = LaunchScreen.storyboard;
			sourceTree = "<group>";
		};
/* End PBXVariantGroup section */

/* Begin XCBuildConfiguration section */
		3BD484F8246A53EA002EF80F /* Debug */ = {
			isa = XCBuildConfiguration;
			buildSettings = {
				ALWAYS_SEARCH_USER_PATHS = NO;
				CLANG_ANALYZER_NONNULL = YES;
				CLANG_ANALYZER_NUMBER_OBJECT_CONVERSION = YES_AGGRESSIVE;
				CLANG_CXX_LANGUAGE_STANDARD = "gnu++14";
				CLANG_CXX_LIBRARY = "libc++";
				CLANG_ENABLE_MODULES = YES;
				CLANG_ENABLE_OBJC_ARC = YES;
				CLANG_ENABLE_OBJC_WEAK = YES;
				CLANG_WARN_BLOCK_CAPTURE_AUTORELEASING = YES;
				CLANG_WARN_BOOL_CONVERSION = YES;
				CLANG_WARN_COMMA = YES;
				CLANG_WARN_CONSTANT_CONVERSION = YES;
				CLANG_WARN_DEPRECATED_OBJC_IMPLEMENTATIONS = YES;
				CLANG_WARN_DIRECT_OBJC_ISA_USAGE = YES_ERROR;
				CLANG_WARN_DOCUMENTATION_COMMENTS = YES;
				CLANG_WARN_EMPTY_BODY = YES;
				CLANG_WARN_ENUM_CONVERSION = YES;
				CLANG_WARN_INFINITE_RECURSION = YES;
				CLANG_WARN_INT_CONVERSION = YES;
				CLANG_WARN_NON_LITERAL_NULL_CONVERSION = YES;
				CLANG_WARN_OBJC_IMPLICIT_RETAIN_SELF = YES;
				CLANG_WARN_OBJC_LITERAL_CONVERSION = YES;
				CLANG_WARN_OBJC_ROOT_CLASS = YES_ERROR;
				CLANG_WARN_RANGE_LOOP_ANALYSIS = YES;
				CLANG_WARN_STRICT_PROTOTYPES = YES;
				CLANG_WARN_SUSPICIOUS_MOVE = YES;
				CLANG_WARN_UNGUARDED_AVAILABILITY = YES_AGGRESSIVE;
				CLANG_WARN_UNREACHABLE_CODE = YES;
				CLANG_WARN__DUPLICATE_METHOD_MATCH = YES;
				CODE_SIGN_IDENTITY = "iPhone Developer";
				COPY_PHASE_STRIP = NO;
				DEBUG_INFORMATION_FORMAT = dwarf;
				ENABLE_STRICT_OBJC_MSGSEND = YES;
				ENABLE_TESTABILITY = YES;
				GCC_C_LANGUAGE_STANDARD = gnu11;
				GCC_DYNAMIC_NO_PIC = NO;
				GCC_NO_COMMON_BLOCKS = YES;
				GCC_OPTIMIZATION_LEVEL = 0;
				GCC_PREPROCESSOR_DEFINITIONS = (
					"DEBUG=1",
					"$(inherited)",
				);
				GCC_WARN_64_TO_32_BIT_CONVERSION = YES;
				GCC_WARN_ABOUT_RETURN_TYPE = YES_ERROR;
				GCC_WARN_UNDECLARED_SELECTOR = YES;
				GCC_WARN_UNINITIALIZED_AUTOS = YES_AGGRESSIVE;
				GCC_WARN_UNUSED_FUNCTION = YES;
				GCC_WARN_UNUSED_VARIABLE = YES;
				IPHONEOS_DEPLOYMENT_TARGET = 12.4;
				MTL_ENABLE_DEBUG_INFO = INCLUDE_SOURCE;
				MTL_FAST_MATH = YES;
				ONLY_ACTIVE_ARCH = YES;
				SDKROOT = iphoneos;
			};
			name = Debug;
		};
		3BD484F9246A53EA002EF80F /* Release */ = {
			isa = XCBuildConfiguration;
			buildSettings = {
				ALWAYS_SEARCH_USER_PATHS = NO;
				CLANG_ANALYZER_NONNULL = YES;
				CLANG_ANALYZER_NUMBER_OBJECT_CONVERSION = YES_AGGRESSIVE;
				CLANG_CXX_LANGUAGE_STANDARD = "gnu++14";
				CLANG_CXX_LIBRARY = "libc++";
				CLANG_ENABLE_MODULES = YES;
				CLANG_ENABLE_OBJC_ARC = YES;
				CLANG_ENABLE_OBJC_WEAK = YES;
				CLANG_WARN_BLOCK_CAPTURE_AUTORELEASING = YES;
				CLANG_WARN_BOOL_CONVERSION = YES;
				CLANG_WARN_COMMA = YES;
				CLANG_WARN_CONSTANT_CONVERSION = YES;
				CLANG_WARN_DEPRECATED_OBJC_IMPLEMENTATIONS = YES;
				CLANG_WARN_DIRECT_OBJC_ISA_USAGE = YES_ERROR;
				CLANG_WARN_DOCUMENTATION_COMMENTS = YES;
				CLANG_WARN_EMPTY_BODY = YES;
				CLANG_WARN_ENUM_CONVERSION = YES;
				CLANG_WARN_INFINITE_RECURSION = YES;
				CLANG_WARN_INT_CONVERSION = YES;
				CLANG_WARN_NON_LITERAL_NULL_CONVERSION = YES;
				CLANG_WARN_OBJC_IMPLICIT_RETAIN_SELF = YES;
				CLANG_WARN_OBJC_LITERAL_CONVERSION = YES;
				CLANG_WARN_OBJC_ROOT_CLASS = YES_ERROR;
				CLANG_WARN_RANGE_LOOP_ANALYSIS = YES;
				CLANG_WARN_STRICT_PROTOTYPES = YES;
				CLANG_WARN_SUSPICIOUS_MOVE = YES;
				CLANG_WARN_UNGUARDED_AVAILABILITY = YES_AGGRESSIVE;
				CLANG_WARN_UNREACHABLE_CODE = YES;
				CLANG_WARN__DUPLICATE_METHOD_MATCH = YES;
				CODE_SIGN_IDENTITY = "iPhone Developer";
				COPY_PHASE_STRIP = NO;
				DEBUG_INFORMATION_FORMAT = "dwarf-with-dsym";
				ENABLE_NS_ASSERTIONS = NO;
				ENABLE_STRICT_OBJC_MSGSEND = YES;
				GCC_C_LANGUAGE_STANDARD = gnu11;
				GCC_NO_COMMON_BLOCKS = YES;
				GCC_WARN_64_TO_32_BIT_CONVERSION = YES;
				GCC_WARN_ABOUT_RETURN_TYPE = YES_ERROR;
				GCC_WARN_UNDECLARED_SELECTOR = YES;
				GCC_WARN_UNINITIALIZED_AUTOS = YES_AGGRESSIVE;
				GCC_WARN_UNUSED_FUNCTION = YES;
				GCC_WARN_UNUSED_VARIABLE = YES;
				IPHONEOS_DEPLOYMENT_TARGET = 12.4;
				MTL_ENABLE_DEBUG_INFO = NO;
				MTL_FAST_MATH = YES;
				SDKROOT = iphoneos;
				VALIDATE_PRODUCT = YES;
			};
			name = Release;
		};
		3BD484FB246A53EA002EF80F /* Debug */ = {
			isa = XCBuildConfiguration;
			buildSettings = {
				ASSETCATALOG_COMPILER_APPICON_NAME = AppIcon;
				CODE_SIGN_STYLE = Automatic;
				INFOPLIST_FILE = IOS_Day13_tableView_CarProject/Info.plist;
				LD_RUNPATH_SEARCH_PATHS = (
					"$(inherited)",
					"@executable_path/Frameworks",
				);
				PRODUCT_BUNDLE_IDENTIFIER = "com.igeek.IOS-Day13-tableView-CarProject";
				PRODUCT_NAME = "$(TARGET_NAME)";
				TARGETED_DEVICE_FAMILY = "1,2";
			};
			name = Debug;
		};
		3BD484FC246A53EA002EF80F /* Release */ = {
			isa = XCBuildConfiguration;
			buildSettings = {
				ASSETCATALOG_COMPILER_APPICON_NAME = AppIcon;
				CODE_SIGN_STYLE = Automatic;
				INFOPLIST_FILE = IOS_Day13_tableView_CarProject/Info.plist;
				LD_RUNPATH_SEARCH_PATHS = (
					"$(inherited)",
					"@executable_path/Frameworks",
				);
				PRODUCT_BUNDLE_IDENTIFIER = "com.igeek.IOS-Day13-tableView-CarProject";
				PRODUCT_NAME = "$(TARGET_NAME)";
				TARGETED_DEVICE_FAMILY = "1,2";
			};
			name = Release;
		};
/* End XCBuildConfiguration section */

/* Begin XCConfigurationList section */
		3BD484DF246A53E1002EF80F /* Build configuration list for PBXProject "IOS_Day13_tableView_CarProject" */ = {
			isa = XCConfigurationList;
			buildConfigurations = (
				3BD484F8246A53EA002EF80F /* Debug */,
				3BD484F9246A53EA002EF80F /* Release */,
			);
			defaultConfigurationIsVisible = 0;
			defaultConfigurationName = Release;
		};
		3BD484FA246A53EA002EF80F /* Build configuration list for PBXNativeTarget "IOS_Day13_tableView_CarProject" */ = {
			isa = XCConfigurationList;
			buildConfigurations = (
				3BD484FB246A53EA002EF80F /* Debug */,
				3BD484FC246A53EA002EF80F /* Release */,
			);
			defaultConfigurationIsVisible = 0;
			defaultConfigurationName = Release;
		};
/* End XCConfigurationList section */
	};
	rootObject = 3BD484DC246A53E1002EF80F /* Project object */;
}
